<?xml version="1.0" encoding="utf-8"?>
<Project ToolsVersion="17.0" xmlns="http://schemas.microsoft.com/developer/msbuild/2003">
  <ItemGroup>
    <ClCompile Include="C:\Users\sy415\workspace\WoStToy\experiments\mixed_boundary_benchmark.cpp">
      <Filter>Source Files</Filter>
    </ClCompile>
  </ItemGroup>
  <ItemGroup>
    <CustomBuild Include="C:\Users\sy415\workspace\WoStToy\CMakeLists.txt" />
  </ItemGroup>
  <ItemGroup>
    <Filter Include="Source Files">
      <UniqueIdentifier>{01B538DF-5524-3439-914A-C8F9DC7F67BB}</UniqueIdentifier>
    </Filter>
  </ItemGroup>
</Project>
